
Microsoft Visual Studio Solution File, Format Version 12.00
# Visual Studio Version 17
VisualStudioVersion = 17.14.36121.58
MinimumVisualStudioVersion = 10.0.40219.1
Project("{FAE04EC0-301F-11D3-BF4B-00C04F79EFBC}") = "LicencaMongoDB", "webapiMongoDB\LicencaMongoDB.csproj", "{71F773B0-3834-47CF-8247-3FEE913C72B0}"
EndProject
Global
	GlobalSection(SolutionConfigurationPlatforms) = preSolution
		Debug|Any CPU = Debug|Any CPU
		Release|Any CPU = Release|Any CPU
	EndGlobalSection
	GlobalSection(ProjectConfigurationPlatforms) = postSolution
		{71F773B0-3834-47CF-8247-3FEE913C72B0}.Debug|Any CPU.ActiveCfg = Debug|Any CPU
		{71F773B0-3834-47CF-8247-3FEE913C72B0}.Debug|Any CPU.Build.0 = Debug|Any CPU
		{71F773B0-3834-47CF-8247-3FEE913C72B0}.Release|Any CPU.ActiveCfg = Release|Any CPU
		{71F773B0-3834-47CF-8247-3FEE913C72B0}.Release|Any CPU.Build.0 = Release|Any CPU
	EndGlobalSection
	GlobalSection(SolutionProperties) = preSolution
		HideSolutionNode = FALSE
	EndGlobalSection
	GlobalSection(ExtensibilityGlobals) = postSolution
		SolutionGuid = {DB010B2A-90D7-4950-9EA8-7CE26F44FC08}
	EndGlobalSection
EndGlobal
